
Microsoft Visual Studio Solution File, Format Version 12.00
# Visual Studio Version 16
VisualStudioVersion = 16.0.31025.194
MinimumVisualStudioVersion = 10.0.40219.1
Project("{9A19103F-16F7-4668-BE54-9A1E7A4F7556}") = "Экспериментальная_площадка", "Экспериментальная_площадка\Экспериментальная_площадка.csproj", "{D05817EB-D735-4368-AA0D-9B70CF57BF00}"
EndProject
Global
	GlobalSection(SolutionConfigurationPlatforms) = preSolution
		Debug|Any CPU = Debug|Any CPU
		Release|Any CPU = Release|Any CPU
	EndGlobalSection
	GlobalSection(ProjectConfigurationPlatforms) = postSolution
		{D05817EB-D735-4368-AA0D-9B70CF57BF00}.Debug|Any CPU.ActiveCfg = Debug|Any CPU
		{D05817EB-D735-4368-AA0D-9B70CF57BF00}.Debug|Any CPU.Build.0 = Debug|Any CPU
		{D05817EB-D735-4368-AA0D-9B70CF57BF00}.Release|Any CPU.ActiveCfg = Release|Any CPU
		{D05817EB-D735-4368-AA0D-9B70CF57BF00}.Release|Any CPU.Build.0 = Release|Any CPU
	EndGlobalSection
	GlobalSection(SolutionProperties) = preSolution
		HideSolutionNode = FALSE
	EndGlobalSection
	GlobalSection(ExtensibilityGlobals) = postSolution
		SolutionGuid = {A4C3843E-BD1D-492F-A6F2-0AD38045EA79}
	EndGlobalSection
EndGlobal
